
Microsoft Visual Studio Solution File, Format Version 12.00
# Visual Studio Version 16
VisualStudioVersion = 16.0.30711.63
MinimumVisualStudioVersion = 10.0.40219.1
Project("{9A19103F-16F7-4668-BE54-9A1E7A4F7556}") = "DatabaseOperations", "DatabaseOperations\DatabaseOperations.csproj", "{5CE3B08B-3BE2-4E9D-B977-0C2A94FAFE14}"
EndProject
Project("{9A19103F-16F7-4668-BE54-9A1E7A4F7556}") = "DatabaseOperations.Tests", "DatabaseOperations.Tests\DatabaseOperations.Tests.csproj", "{0CE3707C-10CD-429A-A524-49EF07793CC8}"
EndProject
Project("{FAE04EC0-301F-11D3-BF4B-00C04F79EFBC}") = "DatabaseOperationsTestApp", "DatabaseOperationsTestApp\DatabaseOperationsTestApp.csproj", "{E8192E50-1E1C-4DCC-80F9-78B3B5E24975}"
EndProject
Global
	GlobalSection(SolutionConfigurationPlatforms) = preSolution
		Debug|Any CPU = Debug|Any CPU
		Release|Any CPU = Release|Any CPU
	EndGlobalSection
	GlobalSection(ProjectConfigurationPlatforms) = postSolution
		{5CE3B08B-3BE2-4E9D-B977-0C2A94FAFE14}.Debug|Any CPU.ActiveCfg = Debug|Any CPU
		{5CE3B08B-3BE2-4E9D-B977-0C2A94FAFE14}.Debug|Any CPU.Build.0 = Debug|Any CPU
		{5CE3B08B-3BE2-4E9D-B977-0C2A94FAFE14}.Release|Any CPU.ActiveCfg = Release|Any CPU
		{5CE3B08B-3BE2-4E9D-B977-0C2A94FAFE14}.Release|Any CPU.Build.0 = Release|Any CPU
		{0CE3707C-10CD-429A-A524-49EF07793CC8}.Debug|Any CPU.ActiveCfg = Debug|Any CPU
		{0CE3707C-10CD-429A-A524-49EF07793CC8}.Debug|Any CPU.Build.0 = Debug|Any CPU
		{0CE3707C-10CD-429A-A524-49EF07793CC8}.Release|Any CPU.ActiveCfg = Release|Any CPU
		{0CE3707C-10CD-429A-A524-49EF07793CC8}.Release|Any CPU.Build.0 = Release|Any CPU
		{E8192E50-1E1C-4DCC-80F9-78B3B5E24975}.Debug|Any CPU.ActiveCfg = Debug|Any CPU
		{E8192E50-1E1C-4DCC-80F9-78B3B5E24975}.Debug|Any CPU.Build.0 = Debug|Any CPU
		{E8192E50-1E1C-4DCC-80F9-78B3B5E24975}.Release|Any CPU.ActiveCfg = Release|Any CPU
		{E8192E50-1E1C-4DCC-80F9-78B3B5E24975}.Release|Any CPU.Build.0 = Release|Any CPU
	EndGlobalSection
	GlobalSection(SolutionProperties) = preSolution
		HideSolutionNode = FALSE
	EndGlobalSection
	GlobalSection(ExtensibilityGlobals) = postSolution
		SolutionGuid = {9473C1FA-87D8-41CF-9060-AA8EEB9347B3}
	EndGlobalSection
EndGlobal
